// !$*UTF8*$!
{
	archiveVersion = 1;
	classes = {
	};
	objectVersion = 46;
	objects = {
/* Begin PBXBuildFile section */
		30CBEE26344BE33EE8F268B6 /* libPods.a in Frameworks */ = {isa = PBXBuildFile; fileRef = EDC378061B5D8F995526D266 /* libPods.a */; };
		33634CEE1C577561001D2B2C /* AppDelegate.m in Sources */ = {isa = PBXBuildFile; fileRef = 33634CC01C577561001D2B2C /* AppDelegate.m */; };
		33634CF01C577561001D2B2C /* UITableViewCell+Line.m in Sources */ = {isa = PBXBuildFile; fileRef = 33634CC61C577561001D2B2C /* UITableViewCell+Line.m */; };
		33634CF11C577561001D2B2C /* UIView+Line.m in Sources */ = {isa = PBXBuildFile; fileRef = 33634CC81C577561001D2B2C /* UIView+Line.m */; };
		33634CF21C577561001D2B2C /* ControllerLoadingEmptyView.m in Sources */ = {isa = PBXBuildFile; fileRef = 33634CCA1C577561001D2B2C /* ControllerLoadingEmptyView.m */; };
		33634CF31C577561001D2B2C /* ControllerLoadingErrorView.m in Sources */ = {isa = PBXBuildFile; fileRef = 33634CCC1C577561001D2B2C /* ControllerLoadingErrorView.m */; };
		33634CF41C577561001D2B2C /* ControllerLoadingView.m in Sources */ = {isa = PBXBuildFile; fileRef = 33634CCE1C577561001D2B2C /* ControllerLoadingView.m */; };
		33634CF51C577561001D2B2C /* LoadMoreView.m in Sources */ = {isa = PBXBuildFile; fileRef = 33634CD01C577561001D2B2C /* LoadMoreView.m */; };
		33634CF61C577561001D2B2C /* RefreshView.m in Sources */ = {isa = PBXBuildFile; fileRef = 33634CD21C577561001D2B2C /* RefreshView.m */; };
		33634CF71C577561001D2B2C /* UINavigationController+NavigationBar.m in Sources */ = {isa = PBXBuildFile; fileRef = 33634CD51C577561001D2B2C /* UINavigationController+NavigationBar.m */; };
		33634CF81C577561001D2B2C /* UIViewController+Loading.m in Sources */ = {isa = PBXBuildFile; fileRef = 33634CD71C577561001D2B2C /* UIViewController+Loading.m */; };
		33634CF91C577561001D2B2C /* TabBarController.m in Sources */ = {isa = PBXBuildFile; fileRef = 33634CDC1C577561001D2B2C /* TabBarController.m */; };
		33634CFA1C577561001D2B2C /* TabBarItem.m in Sources */ = {isa = PBXBuildFile; fileRef = 33634CDE1C577561001D2B2C /* TabBarItem.m */; };
		33634CFB1C577561001D2B2C /* Reachability.m in Sources */ = {isa = PBXBuildFile; fileRef = 33634CE21C577561001D2B2C /* Reachability.m */; };
		33634CFC1C577561001D2B2C /* Networking.m in Sources */ = {isa = PBXBuildFile; fileRef = 33634CE41C577561001D2B2C /* Networking.m */; };
		33634D011C577561001D2B2C /* main.m in Sources */ = {isa = PBXBuildFile; fileRef = 33634CEC1C577561001D2B2C /* main.m */; };
		33634D041C577A1F001D2B2C /* Podfile in Resources */ = {isa = PBXBuildFile; fileRef = 33634D031C577A1F001D2B2C /* Podfile */; };
		33634D061C577A5D001D2B2C /* Assets.xcassets in Resources */ = {isa = PBXBuildFile; fileRef = 33634D051C577A5D001D2B2C /* Assets.xcassets */; };
		33634D161C57D6D9001D2B2C /* Localizable.strings in Resources */ = {isa = PBXBuildFile; fileRef = 33634D181C57D6D9001D2B2C /* Localizable.strings */; };
		58AA4A421CE9BDC6009D1571 /* AutoCompleteViewController.m in Sources */ = {isa = PBXBuildFile; fileRef = 58AA4A391CE9BDC6009D1571 /* AutoCompleteViewController.m */; };
		58AA4A431CE9BDC6009D1571 /* LoginView.m in Sources */ = {isa = PBXBuildFile; fileRef = 58AA4A3B1CE9BDC6009D1571 /* LoginView.m */; };
		58AA4A441CE9BDC6009D1571 /* TimeoutButton.m in Sources */ = {isa = PBXBuildFile; fileRef = 58AA4A3E1CE9BDC6009D1571 /* TimeoutButton.m */; };
		58AA4A451CE9BDC6009D1571 /* NSArray+Colledtion.m in Sources */ = {isa = PBXBuildFile; fileRef = 58AA4A411CE9BDC6009D1571 /* NSArray+Colledtion.m */; };
/* End PBXBuildFile section */

/* Begin PBXFileReference section */
		33634CA41C576C9B001D2B2C /* .app */ = {isa = PBXFileReference; explicitFileType = wrapper.application; includeInIndex = 0; path = ".app"; sourceTree = BUILT_PRODUCTS_DIR; };
		33634CBF1C577561001D2B2C /* AppDelegate.h */ = {isa = PBXFileReference; fileEncoding = 4; lastKnownFileType = sourcecode.c.h; path = AppDelegate.h; sourceTree = "<group>"; };
		33634CC01C577561001D2B2C /* AppDelegate.m */ = {isa = PBXFileReference; fileEncoding = 4; lastKnownFileType = sourcecode.c.objc; path = AppDelegate.m; sourceTree = "<group>"; };
		33634CC51C577561001D2B2C /* UITableViewCell+Line.h */ = {isa = PBXFileReference; fileEncoding = 4; lastKnownFileType = sourcecode.c.h; path = "UITableViewCell+Line.h"; sourceTree = "<group>"; };
		33634CC61C577561001D2B2C /* UITableViewCell+Line.m */ = {isa = PBXFileReference; fileEncoding = 4; lastKnownFileType = sourcecode.c.objc; path = "UITableViewCell+Line.m"; sourceTree = "<group>"; };
		33634CC71C577561001D2B2C /* UIView+Line.h */ = {isa = PBXFileReference; fileEncoding = 4; lastKnownFileType = sourcecode.c.h; path = "UIView+Line.h"; sourceTree = "<group>"; };
		33634CC81C577561001D2B2C /* UIView+Line.m */ = {isa = PBXFileReference; fileEncoding = 4; lastKnownFileType = sourcecode.c.objc; path = "UIView+Line.m"; sourceTree = "<group>"; };
		33634CC91C577561001D2B2C /* ControllerLoadingEmptyView.h */ = {isa = PBXFileReference; fileEncoding = 4; lastKnownFileType = sourcecode.c.h; path = "ControllerLoadingEmptyView.h"; sourceTree = "<group>"; };
		33634CCA1C577561001D2B2C /* ControllerLoadingEmptyView.m */ = {isa = PBXFileReference; fileEncoding = 4; lastKnownFileType = sourcecode.c.objc; path = "ControllerLoadingEmptyView.m"; sourceTree = "<group>"; };
		33634CCB1C577561001D2B2C /* ControllerLoadingErrorView.h */ = {isa = PBXFileReference; fileEncoding = 4; lastKnownFileType = sourcecode.c.h; path = "ControllerLoadingErrorView.h"; sourceTree = "<group>"; };
		33634CCC1C577561001D2B2C /* ControllerLoadingErrorView.m */ = {isa = PBXFileReference; fileEncoding = 4; lastKnownFileType = sourcecode.c.objc; path = "ControllerLoadingErrorView.m"; sourceTree = "<group>"; };
		33634CCD1C577561001D2B2C /* ControllerLoadingView.h */ = {isa = PBXFileReference; fileEncoding = 4; lastKnownFileType = sourcecode.c.h; path = "ControllerLoadingView.h"; sourceTree = "<group>"; };
		33634CCE1C577561001D2B2C /* ControllerLoadingView.m */ = {isa = PBXFileReference; fileEncoding = 4; lastKnownFileType = sourcecode.c.objc; path = "ControllerLoadingView.m"; sourceTree = "<group>"; };
		33634CCF1C577561001D2B2C /* LoadMoreView.h */ = {isa = PBXFileReference; fileEncoding = 4; lastKnownFileType = sourcecode.c.h; path = "LoadMoreView.h"; sourceTree = "<group>"; };
		33634CD01C577561001D2B2C /* LoadMoreView.m */ = {isa = PBXFileReference; fileEncoding = 4; lastKnownFileType = sourcecode.c.objc; path = "LoadMoreView.m"; sourceTree = "<group>"; };
		33634CD11C577561001D2B2C /* RefreshView.h */ = {isa = PBXFileReference; fileEncoding = 4; lastKnownFileType = sourcecode.c.h; path = "RefreshView.h"; sourceTree = "<group>"; };
		33634CD21C577561001D2B2C /* RefreshView.m */ = {isa = PBXFileReference; fileEncoding = 4; lastKnownFileType = sourcecode.c.objc; path = "RefreshView.m"; sourceTree = "<group>"; };
		33634CD41C577561001D2B2C /* UINavigationController+NavigationBar.h */ = {isa = PBXFileReference; fileEncoding = 4; lastKnownFileType = sourcecode.c.h; path = "UINavigationController+NavigationBar.h"; sourceTree = "<group>"; };
		33634CD51C577561001D2B2C /* UINavigationController+NavigationBar.m */ = {isa = PBXFileReference; fileEncoding = 4; lastKnownFileType = sourcecode.c.objc; path = "UINavigationController+NavigationBar.m"; sourceTree = "<group>"; };
		33634CD61C577561001D2B2C /* UIViewController+Loading.h */ = {isa = PBXFileReference; fileEncoding = 4; lastKnownFileType = sourcecode.c.h; path = "UIViewController+Loading.h"; sourceTree = "<group>"; };
		33634CD71C577561001D2B2C /* UIViewController+Loading.m */ = {isa = PBXFileReference; fileEncoding = 4; lastKnownFileType = sourcecode.c.objc; path = "UIViewController+Loading.m"; sourceTree = "<group>"; };
		33634CDB1C577561001D2B2C /* TabBarController.h */ = {isa = PBXFileReference; fileEncoding = 4; lastKnownFileType = sourcecode.c.h; path = "TabBarController.h"; sourceTree = "<group>"; };
		33634CDC1C577561001D2B2C /* TabBarController.m */ = {isa = PBXFileReference; fileEncoding = 4; lastKnownFileType = sourcecode.c.objc; path = "TabBarController.m"; sourceTree = "<group>"; };
		33634CDD1C577561001D2B2C /* TabBarItem.h */ = {isa = PBXFileReference; fileEncoding = 4; lastKnownFileType = sourcecode.c.h; path = "TabBarItem.h"; sourceTree = "<group>"; };
		33634CDE1C577561001D2B2C /* TabBarItem.m */ = {isa = PBXFileReference; fileEncoding = 4; lastKnownFileType = sourcecode.c.objc; path = "TabBarItem.m"; sourceTree = "<group>"; };
		33634CE11C577561001D2B2C /* Reachability.h */ = {isa = PBXFileReference; fileEncoding = 4; lastKnownFileType = sourcecode.c.h; path = "Reachability.h"; sourceTree = "<group>"; };
		33634CE21C577561001D2B2C /* Reachability.m */ = {isa = PBXFileReference; fileEncoding = 4; lastKnownFileType = sourcecode.c.objc; path = "Reachability.m"; sourceTree = "<group>"; };
		33634CE31C577561001D2B2C /* Networking.h */ = {isa = PBXFileReference; fileEncoding = 4; lastKnownFileType = sourcecode.c.h; path = "Networking.h"; sourceTree = "<group>"; };
		33634CE41C577561001D2B2C /* Networking.m */ = {isa = PBXFileReference; fileEncoding = 4; lastKnownFileType = sourcecode.c.objc; path = "Networking.m"; sourceTree = "<group>"; };
		33634CE81C577561001D2B2C /* share.xcconfig */ = {isa = PBXFileReference; fileEncoding = 4; lastKnownFileType = text.xcconfig; path = share.xcconfig; sourceTree = "<group>"; };
		33634CE91C577561001D2B2C /* AppStore.xcconfig */ = {isa = PBXFileReference; fileEncoding = 4; lastKnownFileType = text.xcconfig; path = "AppStore.xcconfig"; sourceTree = "<group>"; };
		33634CEA1C577561001D2B2C /* Debug.xcconfig */ = {isa = PBXFileReference; fileEncoding = 4; lastKnownFileType = text.xcconfig; path = "Debug.xcconfig"; sourceTree = "<group>"; };
		33634CEB1C577561001D2B2C /* Release.xcconfig */ = {isa = PBXFileReference; fileEncoding = 4; lastKnownFileType = text.xcconfig; path = "Release.xcconfig"; sourceTree = "<group>"; };
		33634CEC1C577561001D2B2C /* main.m */ = {isa = PBXFileReference; fileEncoding = 4; lastKnownFileType = sourcecode.c.objc; path = main.m; sourceTree = "<group>"; };
		33634CED1C577561001D2B2C /* .plist */ = {isa = PBXFileReference; fileEncoding = 4; lastKnownFileType = text.plist.xml; path = ".plist"; sourceTree = "<group>"; };
		33634D031C577A1F001D2B2C /* Podfile */ = {isa = PBXFileReference; fileEncoding = 4; lastKnownFileType = text; path = Podfile; sourceTree = SOURCE_ROOT; };
		33634D051C577A5D001D2B2C /* Assets.xcassets */ = {isa = PBXFileReference; lastKnownFileType = folder.assetcatalog; path = Assets.xcassets; sourceTree = "<group>"; };
		33634D171C57D6D9001D2B2C /* Base */ = {isa = PBXFileReference; lastKnownFileType = text.plist.strings; name = Base; path = Base.lproj/Localizable.strings; sourceTree = "<group>"; };
		33634D191C57D6DB001D2B2C /* en */ = {isa = PBXFileReference; lastKnownFileType = text.plist.strings; name = en; path = en.lproj/Localizable.strings; sourceTree = "<group>"; };
		33634D1A1C57D6E4001D2B2C /* zh-Hans */ = {isa = PBXFileReference; lastKnownFileType = text.plist.strings; name = "zh-Hans"; path = "zh-Hans.lproj/Localizable.strings"; sourceTree = "<group>"; };
		58AA4A381CE9BDC6009D1571 /* AutoCompleteViewController.h */ = {isa = PBXFileReference; fileEncoding = 4; lastKnownFileType = sourcecode.c.h; path = "AutoCompleteViewController.h"; sourceTree = "<group>"; };
		58AA4A391CE9BDC6009D1571 /* AutoCompleteViewController.m */ = {isa = PBXFileReference; fileEncoding = 4; lastKnownFileType = sourcecode.c.objc; path = "AutoCompleteViewController.m"; sourceTree = "<group>"; };
		58AA4A3A1CE9BDC6009D1571 /* LoginView.h */ = {isa = PBXFileReference; fileEncoding = 4; lastKnownFileType = sourcecode.c.h; path = "LoginView.h"; sourceTree = "<group>"; };
		58AA4A3B1CE9BDC6009D1571 /* LoginView.m */ = {isa = PBXFileReference; fileEncoding = 4; lastKnownFileType = sourcecode.c.objc; path = "LoginView.m"; sourceTree = "<group>"; };
		58AA4A3D1CE9BDC6009D1571 /* TimeoutButton.h */ = {isa = PBXFileReference; fileEncoding = 4; lastKnownFileType = sourcecode.c.h; path = "TimeoutButton.h"; sourceTree = "<group>"; };
		58AA4A3E1CE9BDC6009D1571 /* TimeoutButton.m */ = {isa = PBXFileReference; fileEncoding = 4; lastKnownFileType = sourcecode.c.objc; path = "TimeoutButton.m"; sourceTree = "<group>"; };
		58AA4A401CE9BDC6009D1571 /* NSArray+Collection.h */ = {isa = PBXFileReference; fileEncoding = 4; lastKnownFileType = sourcecode.c.h; path = "NSArray+Collection.h"; sourceTree = "<group>"; };
		58AA4A411CE9BDC6009D1571 /* NSArray+Colledtion.m */ = {isa = PBXFileReference; fileEncoding = 4; lastKnownFileType = sourcecode.c.objc; path = "NSArray+Colledtion.m"; sourceTree = "<group>"; };
		B5B027BF1EEAC8FBCF2A79A1 /* Pods.release.xcconfig */ = {isa = PBXFileReference; includeInIndex = 1; lastKnownFileType = text.xcconfig; name = Pods.release.xcconfig; path = "Pods/Target Support Files/Pods/Pods.release.xcconfig"; sourceTree = "<group>"; };
		D80A9F532C0BD0EF5CEAE31B /* Pods.debug.xcconfig */ = {isa = PBXFileReference; includeInIndex = 1; lastKnownFileType = text.xcconfig; name = Pods.debug.xcconfig; path = "Pods/Target Support Files/Pods/Pods.debug.xcconfig"; sourceTree = "<group>"; };
		EDC378061B5D8F995526D266 /* libPods.a */ = {isa = PBXFileReference; explicitFileType = archive.ar; includeInIndex = 0; path = libPods.a; sourceTree = BUILT_PRODUCTS_DIR; };
		FE10D46FB3914453AB836005 /* CopyMockFiles.sh */ = {isa = PBXFileReference; name = "CopyMockFiles.sh"; path = "CopyMockFiles.sh"; sourceTree = "<group>"; fileEncoding = 4; lastKnownFileType = text.script.sh; explicitFileType = undefined; includeInIndex = 0; };
		3CCBFD3CF06E434F90F4136E /* Localizable.strings */ = {isa = PBXFileReference; name = "Localizable.strings"; path = "Localizable.strings"; sourceTree = "<group>"; fileEncoding = undefined; lastKnownFileType = unknown; explicitFileType = undefined; includeInIndex = 0; };
/* End PBXFileReference section */

/* Begin PBXFrameworksBuildPhase section */
		33634CA11C576C9B001D2B2C /* Frameworks */ = {
			isa = PBXFrameworksBuildPhase;
			buildActionMask = 2147483647;
			files = (
				30CBEE26344BE33EE8F268B6 /* libPods.a in Frameworks */,
			);
			runOnlyForDeploymentPostprocessing = 0;
		};
/* End PBXFrameworksBuildPhase section */

/* Begin PBXGroup section */
		33634C9B1C576C9B001D2B2C = {
			isa = PBXGroup;
			children = (
				{
					value = 33634CA61C576C9B001D2B2C;
					comment = ;
				},
				33634CA51C576C9B001D2B2C /* Products */,
				78CC5A924810420B1A2047F9 /* Pods */,
				E2DF6B4B2CA3D946F1117FEB /* Frameworks */,
			);
			sourceTree = "<group>";
		};
		33634CA51C576C9B001D2B2C /* Products */ = {
			isa = PBXGroup;
			children = (
				33634CA41C576C9B001D2B2C /* .app */,
			);
			name = Products;
			sourceTree = "<group>";
		};
		33634CA61C576C9B001D2B2C = {
			isa = PBXGroup;
			children = (
				33634CBE1C577561001D2B2C /* AppDelegate */,
				33634CC31C577561001D2B2C /* CommonUtil */,
				33634CC41C577561001D2B2C /* CommonView */,
				33634CD31C577561001D2B2C /* CommonViewController */,
				33634CD81C577561001D2B2C /* Modules */,
				33634CDF1C577561001D2B2C /* Network */,
				33634CE51C577561001D2B2C /* Resources */,
				33634CE61C577561001D2B2C /* Supporting Files */,
			);
			path = "";
			sourceTree = "<group>";
		};
		33634CBE1C577561001D2B2C /* AppDelegate */ = {
			isa = PBXGroup;
			children = (
				33634CBF1C577561001D2B2C /* AppDelegate.h */,
				33634CC01C577561001D2B2C /* AppDelegate.m */,
			);
			path = AppDelegate;
			sourceTree = "<group>";
		};
		33634CC31C577561001D2B2C /* CommonUtil */ = {
			isa = PBXGroup;
			children = (
			);
			path = CommonUtil;
			sourceTree = "<group>";
		};
		33634CC41C577561001D2B2C /* CommonView */ = {
			isa = PBXGroup;
			children = (
				33634CC51C577561001D2B2C /* UITableViewCell+Line.h */,
				33634CC61C577561001D2B2C /* UITableViewCell+Line.m */,
				33634CC71C577561001D2B2C /* UIView+Line.h */,
				33634CC81C577561001D2B2C /* UIView+Line.m */,
				33634CC91C577561001D2B2C /* ControllerLoadingEmptyView.h */,
				33634CCA1C577561001D2B2C /* ControllerLoadingEmptyView.m */,
				33634CCB1C577561001D2B2C /* ControllerLoadingErrorView.h */,
				33634CCC1C577561001D2B2C /* ControllerLoadingErrorView.m */,
				33634CCD1C577561001D2B2C /* ControllerLoadingView.h */,
				33634CCE1C577561001D2B2C /* ControllerLoadingView.m */,
				33634CCF1C577561001D2B2C /* LoadMoreView.h */,
				33634CD01C577561001D2B2C /* LoadMoreView.m */,
				33634CD11C577561001D2B2C /* RefreshView.h */,
				33634CD21C577561001D2B2C /* RefreshView.m */,
			);
			path = CommonView;
			sourceTree = "<group>";
		};
		33634CD31C577561001D2B2C /* CommonViewController */ = {
			isa = PBXGroup;
			children = (
				33634CD41C577561001D2B2C /* UINavigationController+NavigationBar.h */,
				33634CD51C577561001D2B2C /* UINavigationController+NavigationBar.m */,
				33634CD61C577561001D2B2C /* UIViewController+Loading.h */,
				33634CD71C577561001D2B2C /* UIViewController+Loading.m */,
			);
			path = CommonViewController;
			sourceTree = "<group>";
		};
		33634CD81C577561001D2B2C /* Modules */ = {
			isa = PBXGroup;
			children = (
				58AA4A361CE9BDC6009D1571 /* Login */,
				33634CDA1C577561001D2B2C /* Main */,
			);
			path = Modules;
			sourceTree = "<group>";
		};
		33634CDA1C577561001D2B2C /* Main */ = {
			isa = PBXGroup;
			children = (
				33634CDB1C577561001D2B2C /* TabBarController.h */,
				33634CDC1C577561001D2B2C /* TabBarController.m */,
				33634CDD1C577561001D2B2C /* TabBarItem.h */,
				33634CDE1C577561001D2B2C /* TabBarItem.m */,
			);
			path = Main;
			sourceTree = "<group>";
		};
		33634CDF1C577561001D2B2C /* Network */ = {
			isa = PBXGroup;
			children = (
				33634CE01C577561001D2B2C /* Reachability */,
				33634CE31C577561001D2B2C /* Networking.h */,
				33634CE41C577561001D2B2C /* Networking.m */,
			);
			path = Network;
			sourceTree = "<group>";
		};
		33634CE01C577561001D2B2C /* Reachability */ = {
			isa = PBXGroup;
			children = (
				33634CE11C577561001D2B2C /* Reachability.h */,
				33634CE21C577561001D2B2C /* Reachability.m */,
			);
			path = Reachability;
			sourceTree = "<group>";
		};
		33634CE51C577561001D2B2C /* Resources */ = {
			isa = PBXGroup;
			children = (
				33634D051C577A5D001D2B2C /* Assets.xcassets */,
			);
			path = Resources;
			sourceTree = "<group>";
		};
		33634CE61C577561001D2B2C /* Supporting Files */ = {
			isa = PBXGroup;
			children = (
				33634D031C577A1F001D2B2C /* Podfile */,
				33634CE71C577561001D2B2C /* Configuration */,
				33634CEC1C577561001D2B2C /* main.m */,
				33634CED1C577561001D2B2C /* .plist */,
				33634D181C57D6D9001D2B2C /* Localizable.strings */,
			);
			path = "Supporting Files";
			sourceTree = "<group>";
		};
		33634CE71C577561001D2B2C /* Configuration */ = {
			isa = PBXGroup;
			children = (
				33634CE81C577561001D2B2C /* share.xcconfig */,
				33634CE91C577561001D2B2C /* AppStore.xcconfig */,
				33634CEA1C577561001D2B2C /* Debug.xcconfig */,
				33634CEB1C577561001D2B2C /* Release.xcconfig */,
			);
			path = Configuration;
			sourceTree = "<group>";
		};
		58AA4A361CE9BDC6009D1571 /* Login */ = {
			isa = PBXGroup;
			children = (
				58AA4A3A1CE9BDC6009D1571 /* LoginView.h */,
				58AA4A3B1CE9BDC6009D1571 /* LoginView.m */,
				58AA4A371CE9BDC6009D1571 /* AutoCompleteList */,
				58AA4A3C1CE9BDC6009D1571 /* TimeoutButton */,
				58AA4A3F1CE9BDC6009D1571 /* Utilities */,
			);
			path = Login;
			sourceTree = "<group>";
		};
		58AA4A371CE9BDC6009D1571 /* AutoCompleteList */ = {
			isa = PBXGroup;
			children = (
				58AA4A381CE9BDC6009D1571 /* AutoCompleteViewController.h */,
				58AA4A391CE9BDC6009D1571 /* AutoCompleteViewController.m */,
			);
			path = AutoCompleteList;
			sourceTree = "<group>";
		};
		58AA4A3C1CE9BDC6009D1571 /* TimeoutButton */ = {
			isa = PBXGroup;
			children = (
				58AA4A3D1CE9BDC6009D1571 /* TimeoutButton.h */,
				58AA4A3E1CE9BDC6009D1571 /* TimeoutButton.m */,
			);
			path = TimeoutButton;
			sourceTree = "<group>";
		};
		58AA4A3F1CE9BDC6009D1571 /* Utilities */ = {
			isa = PBXGroup;
			children = (
				58AA4A401CE9BDC6009D1571 /* NSArray+Collection.h */,
				58AA4A411CE9BDC6009D1571 /* NSArray+Colledtion.m */,
			);
			path = Utilities;
			sourceTree = "<group>";
		};
		78CC5A924810420B1A2047F9 /* Pods */ = {
			isa = PBXGroup;
			children = (
				D80A9F532C0BD0EF5CEAE31B /* Pods.debug.xcconfig */,
				B5B027BF1EEAC8FBCF2A79A1 /* Pods.release.xcconfig */,
			);
			name = Pods;
			sourceTree = "<group>";
		};
		E2DF6B4B2CA3D946F1117FEB /* Frameworks */ = {
			isa = PBXGroup;
			children = (
				EDC378061B5D8F995526D266 /* libPods.a */,
			);
			name = Frameworks;
			sourceTree = "<group>";
		};
		F8FF2D2B82824B04BA504E6A /* todo */ = {
			isa = PBXGroup;
			children = (
				5FE3101BDA62497CBEBDE5C1 /* AppDelegate */,
				ECCF71814BEB4FA7BEA00275 /* CommonView */,
				6A35158256F04138900C0F38 /* CommonViewController */,
				B39661D48E7647E09D51F413 /* Modules */,
				F40CFC98923B465AAAEF453A /* Network */,
				2E9E5429600F4360B55846DB /* Resources */,
				721CE91582854FC3A80B362B /* "Supporting Files" */,
			);
			name = todo;
			path = todo;
			sourceTree = "<group>";
		};
		5FE3101BDA62497CBEBDE5C1 /* AppDelegate */ = {
			isa = PBXGroup;
			children = (
			);
			name = AppDelegate;
			path = AppDelegate;
			sourceTree = "<group>";
		};
		ECCF71814BEB4FA7BEA00275 /* CommonView */ = {
			isa = PBXGroup;
			children = (
			);
			name = CommonView;
			path = CommonView;
			sourceTree = "<group>";
		};
		6A35158256F04138900C0F38 /* CommonViewController */ = {
			isa = PBXGroup;
			children = (
			);
			name = CommonViewController;
			path = CommonViewController;
			sourceTree = "<group>";
		};
		B39661D48E7647E09D51F413 /* Modules */ = {
			isa = PBXGroup;
			children = (
				45F73E1D9B8F47ADA7643A0A /* Login */,
				A03DEB43FE5B441FBB558B6A /* Main */,
			);
			name = Modules;
			path = Modules;
			sourceTree = "<group>";
		};
		45F73E1D9B8F47ADA7643A0A /* Login */ = {
			isa = PBXGroup;
			children = (
				B7EDE716841F4DFEA02C861D /* AutoCompleteList */,
				216A1E81C3F5446EAC95A179 /* TimeoutButton */,
				AF5858A03D4B46D9AC99CDBE /* Utilities */,
			);
			name = Login;
			path = Login;
			sourceTree = "<group>";
		};
		B7EDE716841F4DFEA02C861D /* AutoCompleteList */ = {
			isa = PBXGroup;
			children = (
			);
			name = AutoCompleteList;
			path = AutoCompleteList;
			sourceTree = "<group>";
		};
		216A1E81C3F5446EAC95A179 /* TimeoutButton */ = {
			isa = PBXGroup;
			children = (
			);
			name = TimeoutButton;
			path = TimeoutButton;
			sourceTree = "<group>";
		};
		AF5858A03D4B46D9AC99CDBE /* Utilities */ = {
			isa = PBXGroup;
			children = (
			);
			name = Utilities;
			path = Utilities;
			sourceTree = "<group>";
		};
		A03DEB43FE5B441FBB558B6A /* Main */ = {
			isa = PBXGroup;
			children = (
			);
			name = Main;
			path = Main;
			sourceTree = "<group>";
		};
		F40CFC98923B465AAAEF453A /* Network */ = {
			isa = PBXGroup;
			children = (
				4F7E1056D082461C9472E998 /* Mock */,
				BF4CC3EB63264C7FB7D37A7C /* Reachability */,
			);
			name = Network;
			path = Network;
			sourceTree = "<group>";
		};
		4F7E1056D082461C9472E998 /* Mock */ = {
			isa = PBXGroup;
			children = (
				FE10D46FB3914453AB836005 /* CopyMockFiles.sh */,
			);
			name = Mock;
			path = Mock;
			sourceTree = "<group>";
		};
		BF4CC3EB63264C7FB7D37A7C /* Reachability */ = {
			isa = PBXGroup;
			children = (
			);
			name = Reachability;
			path = Reachability;
			sourceTree = "<group>";
		};
		2E9E5429600F4360B55846DB /* Resources */ = {
			isa = PBXGroup;
			children = (
			);
			name = Resources;
			path = Resources;
			sourceTree = "<group>";
		};
		721CE91582854FC3A80B362B /* "Supporting Files" */ = {
			isa = PBXGroup;
			children = (
				BF0D4F79EDDC4F4D887F2457 /* Base.lproj */,
				6672232AE605427B8FC9468F /* Configuration */,
				966C4C95182A4C84B25E210B /* en.lproj */,
				B550FB8E0E6A4A1DA22BB9BB /* zh-Hans.lproj */,
			);
			name = "Supporting Files";
			path = "Supporting Files";
			sourceTree = "<group>";
		};
		BF0D4F79EDDC4F4D887F2457 /* Base.lproj */ = {
			isa = PBXGroup;
			children = (
				3CCBFD3CF06E434F90F4136E /* Localizable.strings */,
			);
			name = Base.lproj;
			path = Base.lproj;
			sourceTree = "<group>";
		};
		6672232AE605427B8FC9468F /* Configuration */ = {
			isa = PBXGroup;
			children = (
			);
			name = Configuration;
			path = Configuration;
			sourceTree = "<group>";
		};
		966C4C95182A4C84B25E210B /* en.lproj */ = {
			isa = PBXGroup;
			children = (
			);
			name = en.lproj;
			path = en.lproj;
			sourceTree = "<group>";
		};
		B550FB8E0E6A4A1DA22BB9BB /* zh-Hans.lproj */ = {
			isa = PBXGroup;
			children = (
			);
			name = zh-Hans.lproj;
			path = zh-Hans.lproj;
			sourceTree = "<group>";
		};
/* End PBXGroup section */

/* Begin PBXNativeTarget section */
		33634CA31C576C9B001D2B2C = {
			isa = PBXNativeTarget;
			buildConfigurationList = 33634CBB1C576C9B001D2B2C /* Build configuration list for PBXNativeTarget "" */;
			buildPhases = (
				F30E197E4CECC7E3CD119006 /* Check Pods Manifest.lock */,
				33634CA01C576C9B001D2B2C /* Sources */,
				33634CA11C576C9B001D2B2C /* Frameworks */,
				33634CA21C576C9B001D2B2C /* Resources */,
				2FE123E9F7E48616C1709B61 /* Copy Pods Resources */,
				E64AA0611CE96D6B0023D771 /* Copy Mock Files */,
			);
			buildRules = (
			);
			dependencies = (
			);
			name = "";
			productName = "";
			productReference = 33634CA41C576C9B001D2B2C /* .app */;
			productType = "com.apple.product-type.application";
		};
/* End PBXNativeTarget section */

/* Begin PBXProject section */
		33634C9C1C576C9B001D2B2C /* Project object */ = {
			isa = PBXProject;
			attributes = {
				LastUpgradeCheck = 720;
				ORGANIZATIONNAME = Netease;
				TargetAttributes = {
					33634CA31C576C9B001D2B2C = {
						CreatedOnToolsVersion = 7.2;
					};
				};
			};
			buildConfigurationList = 33634C9F1C576C9B001D2B2C /* Build configuration list for PBXProject "" */;
			compatibilityVersion = "Xcode 3.2";
			developmentRegion = English;
			hasScannedForEncodings = 0;
			knownRegions = (
				en,
				Base,
				"zh-Hans",
			);
			mainGroup = 33634C9B1C576C9B001D2B2C;
			productRefGroup = 33634CA51C576C9B001D2B2C /* Products */;
			projectDirPath = "";
			projectRoot = "";
			targets = (
				{
					value = 33634CA31C576C9B001D2B2C;
					comment = ;
				},
			);
		};
/* End PBXProject section */

/* Begin PBXResourcesBuildPhase section */
		33634CA21C576C9B001D2B2C /* Resources */ = {
			isa = PBXResourcesBuildPhase;
			buildActionMask = 2147483647;
			files = (
				33634D061C577A5D001D2B2C /* Assets.xcassets in Resources */,
				33634D161C57D6D9001D2B2C /* Localizable.strings in Resources */,
				33634D041C577A1F001D2B2C /* Podfile in Resources */,
			);
			runOnlyForDeploymentPostprocessing = 0;
		};
/* End PBXResourcesBuildPhase section */

/* Begin PBXShellScriptBuildPhase section */
		2FE123E9F7E48616C1709B61 /* Copy Pods Resources */ = {
			isa = PBXShellScriptBuildPhase;
			buildActionMask = 2147483647;
			files = (
			);
			inputPaths = (
			);
			name = "Copy Pods Resources";
			outputPaths = (
			);
			runOnlyForDeploymentPostprocessing = 0;
			shellPath = /bin/sh;
			shellScript = "\"${SRCROOT}/Pods/Target Support Files/Pods/Pods-resources.sh\"\n";
			showEnvVarsInLog = 0;
		};
		E64AA0611CE96D6B0023D771 /* Copy Mock Files */ = {
			isa = PBXShellScriptBuildPhase;
			buildActionMask = 2147483647;
			files = (
			);
			inputPaths = (
			);
			name = "Copy Mock Files";
			outputPaths = (
			);
			runOnlyForDeploymentPostprocessing = 0;
			shellPath = /bin/sh;
			shellScript = "\"${SRCROOT}//Network/Mock/CopyMockFiles.sh\"";
			showEnvVarsInLog = 0;
		};
		F30E197E4CECC7E3CD119006 /* Check Pods Manifest.lock */ = {
			isa = PBXShellScriptBuildPhase;
			buildActionMask = 2147483647;
			files = (
			);
			inputPaths = (
			);
			name = "Check Pods Manifest.lock";
			outputPaths = (
			);
			runOnlyForDeploymentPostprocessing = 0;
			shellPath = /bin/sh;
			shellScript = "diff \"${PODS_ROOT}/../Podfile.lock\" \"${PODS_ROOT}/Manifest.lock\" > /dev/null\nif [[ $? != 0 ]] ; then\n    cat << EOM\nerror: The sandbox is not in sync with the Podfile.lock. Run 'pod install' or update your CocoaPods installation.\nEOM\n    exit 1\nfi\n";
			showEnvVarsInLog = 0;
		};
/* End PBXShellScriptBuildPhase section */

/* Begin PBXSourcesBuildPhase section */
		33634CA01C576C9B001D2B2C /* Sources */ = {
			isa = PBXSourcesBuildPhase;
			buildActionMask = 2147483647;
			files = (
				33634CFA1C577561001D2B2C /* TabBarItem.m in Sources */,
				33634CF61C577561001D2B2C /* RefreshView.m in Sources */,
				33634CF71C577561001D2B2C /* UINavigationController+NavigationBar.m in Sources */,
				33634CEE1C577561001D2B2C /* AppDelegate.m in Sources */,
				58AA4A431CE9BDC6009D1571 /* LoginView.m in Sources */,
				58AA4A451CE9BDC6009D1571 /* NSArray+Colledtion.m in Sources */,
				33634CFB1C577561001D2B2C /* Reachability.m in Sources */,
				33634CF21C577561001D2B2C /* ControllerLoadingEmptyView.m in Sources */,
				58AA4A421CE9BDC6009D1571 /* AutoCompleteViewController.m in Sources */,
				33634CF01C577561001D2B2C /* UITableViewCell+Line.m in Sources */,
				58AA4A441CE9BDC6009D1571 /* TimeoutButton.m in Sources */,
				33634CFC1C577561001D2B2C /* Networking.m in Sources */,
				33634CF91C577561001D2B2C /* TabBarController.m in Sources */,
				33634CF81C577561001D2B2C /* UIViewController+Loading.m in Sources */,
				33634D011C577561001D2B2C /* main.m in Sources */,
				33634CF41C577561001D2B2C /* ControllerLoadingView.m in Sources */,
				33634CF31C577561001D2B2C /* ControllerLoadingErrorView.m in Sources */,
				33634CF51C577561001D2B2C /* LoadMoreView.m in Sources */,
				33634CF11C577561001D2B2C /* UIView+Line.m in Sources */,
			);
			runOnlyForDeploymentPostprocessing = 0;
		};
/* End PBXSourcesBuildPhase section */

/* Begin PBXVariantGroup section */
		33634D181C57D6D9001D2B2C /* Localizable.strings */ = {
			isa = PBXVariantGroup;
			children = (
				33634D171C57D6D9001D2B2C /* Base */,
				33634D191C57D6DB001D2B2C /* en */,
				33634D1A1C57D6E4001D2B2C /* zh-Hans */,
			);
			name = Localizable.strings;
			sourceTree = "<group>";
		};
/* End PBXVariantGroup section */

/* Begin XCBuildConfiguration section */
		33634CB91C576C9B001D2B2C /* Debug */ = {
			isa = XCBuildConfiguration;
			baseConfigurationReference = 33634CEA1C577561001D2B2C /* Debug.xcconfig */;
			buildSettings = {
				ALWAYS_SEARCH_USER_PATHS = NO;
				CLANG_CXX_LANGUAGE_STANDARD = "gnu++0x";
				CLANG_CXX_LIBRARY = "libc++";
				CLANG_ENABLE_MODULES = YES;
				CLANG_ENABLE_OBJC_ARC = YES;
				CLANG_WARN_BOOL_CONVERSION = YES;
				CLANG_WARN_CONSTANT_CONVERSION = YES;
				CLANG_WARN_DIRECT_OBJC_ISA_USAGE = YES_ERROR;
				CLANG_WARN_EMPTY_BODY = YES;
				CLANG_WARN_ENUM_CONVERSION = YES;
				CLANG_WARN_INT_CONVERSION = YES;
				CLANG_WARN_OBJC_ROOT_CLASS = YES_ERROR;
				CLANG_WARN_UNREACHABLE_CODE = YES;
				CLANG_WARN__DUPLICATE_METHOD_MATCH = YES;
				"CODE_SIGN_IDENTITY[sdk=iphoneos*]" = "iPhone Developer";
				COPY_PHASE_STRIP = NO;
				DEBUG_INFORMATION_FORMAT = dwarf;
				ENABLE_STRICT_OBJC_MSGSEND = YES;
				ENABLE_TESTABILITY = YES;
				GCC_C_LANGUAGE_STANDARD = gnu99;
				GCC_DYNAMIC_NO_PIC = NO;
				GCC_NO_COMMON_BLOCKS = YES;
				GCC_OPTIMIZATION_LEVEL = 0;
				GCC_PREPROCESSOR_DEFINITIONS = (
					"DEBUG=1",
					"$(inherited)",
				);
				GCC_WARN_64_TO_32_BIT_CONVERSION = YES;
				GCC_WARN_ABOUT_RETURN_TYPE = YES_ERROR;
				GCC_WARN_UNDECLARED_SELECTOR = YES;
				GCC_WARN_UNINITIALIZED_AUTOS = YES_AGGRESSIVE;
				GCC_WARN_UNUSED_FUNCTION = YES;
				GCC_WARN_UNUSED_VARIABLE = YES;
				IPHONEOS_DEPLOYMENT_TARGET = 9.2;
				MTL_ENABLE_DEBUG_INFO = YES;
				ONLY_ACTIVE_ARCH = YES;
				SDKROOT = iphoneos;
			};
			name = Debug;
		};
		33634CBA1C576C9B001D2B2C /* Release */ = {
			isa = XCBuildConfiguration;
			baseConfigurationReference = 33634CEB1C577561001D2B2C /* Release.xcconfig */;
			buildSettings = {
				ALWAYS_SEARCH_USER_PATHS = NO;
				CLANG_CXX_LANGUAGE_STANDARD = "gnu++0x";
				CLANG_CXX_LIBRARY = "libc++";
				CLANG_ENABLE_MODULES = YES;
				CLANG_ENABLE_OBJC_ARC = YES;
				CLANG_WARN_BOOL_CONVERSION = YES;
				CLANG_WARN_CONSTANT_CONVERSION = YES;
				CLANG_WARN_DIRECT_OBJC_ISA_USAGE = YES_ERROR;
				CLANG_WARN_EMPTY_BODY = YES;
				CLANG_WARN_ENUM_CONVERSION = YES;
				CLANG_WARN_INT_CONVERSION = YES;
				CLANG_WARN_OBJC_ROOT_CLASS = YES_ERROR;
				CLANG_WARN_UNREACHABLE_CODE = YES;
				CLANG_WARN__DUPLICATE_METHOD_MATCH = YES;
				"CODE_SIGN_IDENTITY[sdk=iphoneos*]" = "iPhone Developer";
				COPY_PHASE_STRIP = NO;
				DEBUG_INFORMATION_FORMAT = "dwarf-with-dsym";
				ENABLE_NS_ASSERTIONS = NO;
				ENABLE_STRICT_OBJC_MSGSEND = YES;
				GCC_C_LANGUAGE_STANDARD = gnu99;
				GCC_NO_COMMON_BLOCKS = YES;
				GCC_WARN_64_TO_32_BIT_CONVERSION = YES;
				GCC_WARN_ABOUT_RETURN_TYPE = YES_ERROR;
				GCC_WARN_UNDECLARED_SELECTOR = YES;
				GCC_WARN_UNINITIALIZED_AUTOS = YES_AGGRESSIVE;
				GCC_WARN_UNUSED_FUNCTION = YES;
				GCC_WARN_UNUSED_VARIABLE = YES;
				IPHONEOS_DEPLOYMENT_TARGET = 9.2;
				MTL_ENABLE_DEBUG_INFO = NO;
				SDKROOT = iphoneos;
				VALIDATE_PRODUCT = YES;
			};
			name = Release;
		};
		33634CBC1C576C9B001D2B2C /* Debug */ = {
			isa = XCBuildConfiguration;
			baseConfigurationReference = 33634CEA1C577561001D2B2C /* Debug.xcconfig */;
			buildSettings = {
				ASSETCATALOG_COMPILER_APPICON_NAME = AppIcon;
				ASSETCATALOG_COMPILER_LAUNCHIMAGE_NAME = LaunchImage;
				INFOPLIST_FILE = "/Supporting Files/.plist";
				IPHONEOS_DEPLOYMENT_TARGET = 7.0;
				LD_RUNPATH_SEARCH_PATHS = "$(inherited) @executable_path/Frameworks";
				PRODUCT_BUNDLE_IDENTIFIER = "com.netease.";
				PRODUCT_NAME = "$(TARGET_NAME)";
			};
			name = Debug;
		};
		33634CBD1C576C9B001D2B2C /* Release */ = {
			isa = XCBuildConfiguration;
			baseConfigurationReference = 33634CEB1C577561001D2B2C /* Release.xcconfig */;
			buildSettings = {
				ASSETCATALOG_COMPILER_APPICON_NAME = AppIcon;
				ASSETCATALOG_COMPILER_LAUNCHIMAGE_NAME = LaunchImage;
				INFOPLIST_FILE = "/Supporting Files/.plist";
				IPHONEOS_DEPLOYMENT_TARGET = 7.0;
				LD_RUNPATH_SEARCH_PATHS = "$(inherited) @executable_path/Frameworks";
				PRODUCT_BUNDLE_IDENTIFIER = "com.netease.";
				PRODUCT_NAME = "$(TARGET_NAME)";
			};
			name = Release;
		};
		33634D071C579387001D2B2C /* AppStore */ = {
			isa = XCBuildConfiguration;
			baseConfigurationReference = 33634CE91C577561001D2B2C /* AppStore.xcconfig */;
			buildSettings = {
				ALWAYS_SEARCH_USER_PATHS = NO;
				CLANG_CXX_LANGUAGE_STANDARD = "gnu++0x";
				CLANG_CXX_LIBRARY = "libc++";
				CLANG_ENABLE_MODULES = YES;
				CLANG_ENABLE_OBJC_ARC = YES;
				CLANG_WARN_BOOL_CONVERSION = YES;
				CLANG_WARN_CONSTANT_CONVERSION = YES;
				CLANG_WARN_DIRECT_OBJC_ISA_USAGE = YES_ERROR;
				CLANG_WARN_EMPTY_BODY = YES;
				CLANG_WARN_ENUM_CONVERSION = YES;
				CLANG_WARN_INT_CONVERSION = YES;
				CLANG_WARN_OBJC_ROOT_CLASS = YES_ERROR;
				CLANG_WARN_UNREACHABLE_CODE = YES;
				CLANG_WARN__DUPLICATE_METHOD_MATCH = YES;
				"CODE_SIGN_IDENTITY[sdk=iphoneos*]" = "iPhone Developer";
				COPY_PHASE_STRIP = NO;
				DEBUG_INFORMATION_FORMAT = dwarf;
				ENABLE_STRICT_OBJC_MSGSEND = YES;
				ENABLE_TESTABILITY = YES;
				GCC_C_LANGUAGE_STANDARD = gnu99;
				GCC_DYNAMIC_NO_PIC = NO;
				GCC_NO_COMMON_BLOCKS = YES;
				GCC_OPTIMIZATION_LEVEL = 0;
				GCC_PREPROCESSOR_DEFINITIONS = (
					"DEBUG=1",
					"$(inherited)",
				);
				GCC_WARN_64_TO_32_BIT_CONVERSION = YES;
				GCC_WARN_ABOUT_RETURN_TYPE = YES_ERROR;
				GCC_WARN_UNDECLARED_SELECTOR = YES;
				GCC_WARN_UNINITIALIZED_AUTOS = YES_AGGRESSIVE;
				GCC_WARN_UNUSED_FUNCTION = YES;
				GCC_WARN_UNUSED_VARIABLE = YES;
				IPHONEOS_DEPLOYMENT_TARGET = 9.2;
				MTL_ENABLE_DEBUG_INFO = YES;
				ONLY_ACTIVE_ARCH = YES;
				SDKROOT = iphoneos;
			};
			name = AppStore;
		};
		33634D081C579387001D2B2C /* AppStore */ = {
			isa = XCBuildConfiguration;
			baseConfigurationReference = 33634CE91C577561001D2B2C /* AppStore.xcconfig */;
			buildSettings = {
				ASSETCATALOG_COMPILER_APPICON_NAME = AppIcon;
				ASSETCATALOG_COMPILER_LAUNCHIMAGE_NAME = LaunchImage;
				INFOPLIST_FILE = "/Supporting Files/.plist";
				IPHONEOS_DEPLOYMENT_TARGET = 7.0;
				LD_RUNPATH_SEARCH_PATHS = "$(inherited) @executable_path/Frameworks";
				PRODUCT_BUNDLE_IDENTIFIER = "com.netease.";
				PRODUCT_NAME = "$(TARGET_NAME)";
			};
			name = AppStore;
		};
/* End XCBuildConfiguration section */

/* Begin XCConfigurationList section */
		33634C9F1C576C9B001D2B2C /* Build configuration list for PBXProject "" */ = {
			isa = XCConfigurationList;
			buildConfigurations = (
				33634CB91C576C9B001D2B2C /* Debug */,
				33634D071C579387001D2B2C /* AppStore */,
				33634CBA1C576C9B001D2B2C /* Release */,
			);
			defaultConfigurationIsVisible = 0;
			defaultConfigurationName = Release;
		};
		33634CBB1C576C9B001D2B2C /* Build configuration list for PBXNativeTarget "" */ = {
			isa = XCConfigurationList;
			buildConfigurations = (
				33634CBC1C576C9B001D2B2C /* Debug */,
				33634D081C579387001D2B2C /* AppStore */,
				33634CBD1C576C9B001D2B2C /* Release */,
			);
			defaultConfigurationIsVisible = 0;
			defaultConfigurationName = Release;
		};
/* End XCConfigurationList section */
	};
	rootObject = 33634C9C1C576C9B001D2B2C /* Project object */;
}
