// !$*UTF8*$!
{
	archiveVersion = 1;
	classes = {
	};
	objectVersion = 46;
	objects = {

/* Begin PBXBuildFile section */
		E6A557901C22979700A81AD5 /* main.m in Sources */ = {isa = PBXBuildFile; fileRef = E6A5578F1C22979700A81AD5 /* main.m */; };
		E6A557931C22979700A81AD5 /* AppDelegate.m in Sources */ = {isa = PBXBuildFile; fileRef = E6A557921C22979700A81AD5 /* AppDelegate.m */; };
		E6A557951C22979700A81AD5 /* Assets.xcassets in Resources */ = {isa = PBXBuildFile; fileRef = E6A557941C22979700A81AD5 /* Assets.xcassets */; };
		E6A557981C22979700A81AD5 /* LaunchScreen.storyboard in Resources */ = {isa = PBXBuildFile; fileRef = E6A557961C22979700A81AD5 /* LaunchScreen.storyboard */; };
		E6A557A31C22979700A81AD5 /* {{productName}}Tests.m in Sources */ = {isa = PBXBuildFile; fileRef = E6A557A21C22979700A81AD5 /* {{productName}}Tests.m */; };
		E6A557AE1C22979700A81AD5 /* {{productName}}UITests.m in Sources */ = {isa = PBXBuildFile; fileRef = E6A557AD1C22979700A81AD5 /* {{productName}}UITests.m */; };
/* End PBXBuildFile section */

/* Begin PBXContainerItemProxy section */
		E6A5579F1C22979700A81AD5 /* PBXContainerItemProxy */ = {
			isa = PBXContainerItemProxy;
			containerPortal = E6A557831C22979700A81AD5 /* Project object */;
			proxyType = 1;
			remoteGlobalIDString = E6A5578A1C22979700A81AD5;
			remoteInfo = {{productName}};
		};
		E6A557AA1C22979700A81AD5 /* PBXContainerItemProxy */ = {
			isa = PBXContainerItemProxy;
			containerPortal = E6A557831C22979700A81AD5 /* Project object */;
			proxyType = 1;
			remoteGlobalIDString = E6A5578A1C22979700A81AD5;
			remoteInfo = {{productName}};
		};
/* End PBXContainerItemProxy section */

/* Begin PBXFileReference section */
		E6A5578B1C22979700A81AD5 /* {{productName}}.app */ = {isa = PBXFileReference; explicitFileType = wrapper.application; includeInIndex = 0; path = {{productName}}.app; sourceTree = BUILT_PRODUCTS_DIR; };
		E6A5578F1C22979700A81AD5 /* main.m */ = {isa = PBXFileReference; lastKnownFileType = sourcecode.c.objc; path = main.m; sourceTree = "<group>"; };
		E6A557911C22979700A81AD5 /* AppDelegate.h */ = {isa = PBXFileReference; lastKnownFileType = sourcecode.c.h; path = AppDelegate.h; sourceTree = "<group>"; };
		E6A557921C22979700A81AD5 /* AppDelegate.m */ = {isa = PBXFileReference; lastKnownFileType = sourcecode.c.objc; path = AppDelegate.m; sourceTree = "<group>"; };
		E6A557941C22979700A81AD5 /* Assets.xcassets */ = {isa = PBXFileReference; lastKnownFileType = folder.assetcatalog; path = Assets.xcassets; sourceTree = "<group>"; };
		E6A557971C22979700A81AD5 /* Base */ = {isa = PBXFileReference; lastKnownFileType = file.storyboard; name = Base; path = Base.lproj/LaunchScreen.storyboard; sourceTree = "<group>"; };
		E6A557991C22979700A81AD5 /* Info.plist */ = {isa = PBXFileReference; lastKnownFileType = text.plist.xml; path = Info.plist; sourceTree = "<group>"; };
		E6A5579E1C22979700A81AD5 /* {{productName}}Tests.xctest */ = {isa = PBXFileReference; explicitFileType = wrapper.cfbundle; includeInIndex = 0; path = {{productName}}Tests.xctest; sourceTree = BUILT_PRODUCTS_DIR; };
		E6A557A21C22979700A81AD5 /* {{productName}}Tests.m */ = {isa = PBXFileReference; lastKnownFileType = sourcecode.c.objc; path = {{productName}}Tests.m; sourceTree = "<group>"; };
		E6A557A41C22979700A81AD5 /* Info.plist */ = {isa = PBXFileReference; lastKnownFileType = text.plist.xml; path = Info.plist; sourceTree = "<group>"; };
		E6A557A91C22979700A81AD5 /* {{productName}}UITests.xctest */ = {isa = PBXFileReference; explicitFileType = wrapper.cfbundle; includeInIndex = 0; path = {{productName}}UITests.xctest; sourceTree = BUILT_PRODUCTS_DIR; };
		E6A557AD1C22979700A81AD5 /* {{productName}}UITests.m */ = {isa = PBXFileReference; lastKnownFileType = sourcecode.c.objc; path = {{productName}}UITests.m; sourceTree = "<group>"; };
		E6A557AF1C22979700A81AD5 /* Info.plist */ = {isa = PBXFileReference; lastKnownFileType = text.plist.xml; path = Info.plist; sourceTree = "<group>"; };
/* End PBXFileReference section */

/* Begin PBXFrameworksBuildPhase section */
		E6A557881C22979700A81AD5 /* Frameworks */ = {
			isa = PBXFrameworksBuildPhase;
			buildActionMask = 2147483647;
			files = (
			);
			runOnlyForDeploymentPostprocessing = 0;
		};
		E6A5579B1C22979700A81AD5 /* Frameworks */ = {
			isa = PBXFrameworksBuildPhase;
			buildActionMask = 2147483647;
			files = (
			);
			runOnlyForDeploymentPostprocessing = 0;
		};
		E6A557A61C22979700A81AD5 /* Frameworks */ = {
			isa = PBXFrameworksBuildPhase;
			buildActionMask = 2147483647;
			files = (
			);
			runOnlyForDeploymentPostprocessing = 0;
		};
/* End PBXFrameworksBuildPhase section */

/* Begin PBXGroup section */
		E6A557821C22979700A81AD5 = {
			isa = PBXGroup;
			children = (
				E6A5578D1C22979700A81AD5 /* {{productName}} */,
				E6A557A11C22979700A81AD5 /* {{productName}}Tests */,
				E6A557AC1C22979700A81AD5 /* {{productName}}UITests */,
				E6A5578C1C22979700A81AD5 /* Products */,
			);
			sourceTree = "<group>";
		};
		E6A5578C1C22979700A81AD5 /* Products */ = {
			isa = PBXGroup;
			children = (
				E6A5578B1C22979700A81AD5 /* {{productName}}.app */,
				E6A5579E1C22979700A81AD5 /* {{productName}}Tests.xctest */,
				E6A557A91C22979700A81AD5 /* {{productName}}UITests.xctest */,
			);
			name = Products;
			sourceTree = "<group>";
		};
		E6A5578D1C22979700A81AD5 /* {{productName}} */ = {
			isa = PBXGroup;
			children = (
				E6A557911C22979700A81AD5 /* AppDelegate.h */,
				E6A557921C22979700A81AD5 /* AppDelegate.m */,
				E6A557941C22979700A81AD5 /* Assets.xcassets */,
				E6A557961C22979700A81AD5 /* LaunchScreen.storyboard */,
				E6A557991C22979700A81AD5 /* Info.plist */,
				E6A5578E1C22979700A81AD5 /* Supporting Files */,
			);
			path = {{productName}};
			sourceTree = "<group>";
		};
		E6A5578E1C22979700A81AD5 /* Supporting Files */ = {
			isa = PBXGroup;
			children = (
				E6A5578F1C22979700A81AD5 /* main.m */,
			);
			name = "Supporting Files";
			sourceTree = "<group>";
		};
		E6A557A11C22979700A81AD5 /* {{productName}}Tests */ = {
			isa = PBXGroup;
			children = (
				E6A557A21C22979700A81AD5 /* {{productName}}Tests.m */,
				E6A557A41C22979700A81AD5 /* Info.plist */,
			);
			path = {{productName}}Tests;
			sourceTree = "<group>";
		};
		E6A557AC1C22979700A81AD5 /* {{productName}}UITests */ = {
			isa = PBXGroup;
			children = (
				E6A557AD1C22979700A81AD5 /* {{productName}}UITests.m */,
				E6A557AF1C22979700A81AD5 /* Info.plist */,
			);
			path = {{productName}}UITests;
			sourceTree = "<group>";
		};
/* End PBXGroup section */

/* Begin PBXNativeTarget section */
		E6A5578A1C22979700A81AD5 /* {{productName}} */ = {
			isa = PBXNativeTarget;
			buildConfigurationList = E6A557B21C22979700A81AD5 /* Build configuration list for PBXNativeTarget "{{productName}}" */;
			buildPhases = (
				E6A557871C22979700A81AD5 /* Sources */,
				E6A557881C22979700A81AD5 /* Frameworks */,
				E6A557891C22979700A81AD5 /* Resources */,
			);
			buildRules = (
			);
			dependencies = (
			);
			name = {{productName}};
			productName = {{productName}};
			productReference = E6A5578B1C22979700A81AD5 /* {{productName}}.app */;
			productType = "com.apple.product-type.application";
		};
		E6A5579D1C22979700A81AD5 /* {{productName}}Tests */ = {
			isa = PBXNativeTarget;
			buildConfigurationList = E6A557B51C22979700A81AD5 /* Build configuration list for PBXNativeTarget "{{productName}}Tests" */;
			buildPhases = (
				E6A5579A1C22979700A81AD5 /* Sources */,
				E6A5579B1C22979700A81AD5 /* Frameworks */,
				E6A5579C1C22979700A81AD5 /* Resources */,
			);
			buildRules = (
			);
			dependencies = (
				E6A557A01C22979700A81AD5 /* PBXTargetDependency */,
			);
			name = {{productName}}Tests;
			productName = {{productName}}Tests;
			productReference = E6A5579E1C22979700A81AD5 /* {{productName}}Tests.xctest */;
			productType = "com.apple.product-type.bundle.unit-test";
		};
		E6A557A81C22979700A81AD5 /* {{productName}}UITests */ = {
			isa = PBXNativeTarget;
			buildConfigurationList = E6A557B81C22979700A81AD5 /* Build configuration list for PBXNativeTarget "{{productName}}UITests" */;
			buildPhases = (
				E6A557A51C22979700A81AD5 /* Sources */,
				E6A557A61C22979700A81AD5 /* Frameworks */,
				E6A557A71C22979700A81AD5 /* Resources */,
			);
			buildRules = (
			);
			dependencies = (
				E6A557AB1C22979700A81AD5 /* PBXTargetDependency */,
			);
			name = {{productName}}UITests;
			productName = {{productName}}UITests;
			productReference = E6A557A91C22979700A81AD5 /* {{productName}}UITests.xctest */;
			productType = "com.apple.product-type.bundle.ui-testing";
		};
/* End PBXNativeTarget section */

/* Begin PBXProject section */
		E6A557831C22979700A81AD5 /* Project object */ = {
			isa = PBXProject;
			attributes = {
				LastUpgradeCheck = 0700;
				ORGANIZATIONNAME = Netease;
				TargetAttributes = {
					E6A5578A1C22979700A81AD5 = {
						CreatedOnToolsVersion = 7.0;
						DevelopmentTeam = 2D4LEJ8Z2D;
					};
					E6A5579D1C22979700A81AD5 = {
						CreatedOnToolsVersion = 7.0;
						DevelopmentTeam = 2D4LEJ8Z2D;
						TestTargetID = E6A5578A1C22979700A81AD5;
					};
					E6A557A81C22979700A81AD5 = {
						CreatedOnToolsVersion = 7.0;
						DevelopmentTeam = 2D4LEJ8Z2D;
						TestTargetID = E6A5578A1C22979700A81AD5;
					};
				};
			};
			buildConfigurationList = E6A557861C22979700A81AD5 /* Build configuration list for PBXProject "{{productName}}" */;
			compatibilityVersion = "Xcode 3.2";
			developmentRegion = English;
			hasScannedForEncodings = 0;
			knownRegions = (
				en,
				Base,
			);
			mainGroup = E6A557821C22979700A81AD5;
			productRefGroup = E6A5578C1C22979700A81AD5 /* Products */;
			projectDirPath = "";
			projectRoot = "";
			targets = (
				E6A5578A1C22979700A81AD5 /* {{productName}} */,
				E6A5579D1C22979700A81AD5 /* {{productName}}Tests */,
				E6A557A81C22979700A81AD5 /* {{productName}}UITests */,
			);
		};
/* End PBXProject section */

/* Begin PBXResourcesBuildPhase section */
		E6A557891C22979700A81AD5 /* Resources */ = {
			isa = PBXResourcesBuildPhase;
			buildActionMask = 2147483647;
			files = (
				E6A557951C22979700A81AD5 /* Assets.xcassets in Resources */,
				E6A557981C22979700A81AD5 /* LaunchScreen.storyboard in Resources */,
			);
			runOnlyForDeploymentPostprocessing = 0;
		};
		E6A5579C1C22979700A81AD5 /* Resources */ = {
			isa = PBXResourcesBuildPhase;
			buildActionMask = 2147483647;
			files = (
			);
			runOnlyForDeploymentPostprocessing = 0;
		};
		E6A557A71C22979700A81AD5 /* Resources */ = {
			isa = PBXResourcesBuildPhase;
			buildActionMask = 2147483647;
			files = (
			);
			runOnlyForDeploymentPostprocessing = 0;
		};
/* End PBXResourcesBuildPhase section */

/* Begin PBXSourcesBuildPhase section */
		E6A557871C22979700A81AD5 /* Sources */ = {
			isa = PBXSourcesBuildPhase;
			buildActionMask = 2147483647;
			files = (
				E6A557931C22979700A81AD5 /* AppDelegate.m in Sources */,
				E6A557901C22979700A81AD5 /* main.m in Sources */,
			);
			runOnlyForDeploymentPostprocessing = 0;
		};
		E6A5579A1C22979700A81AD5 /* Sources */ = {
			isa = PBXSourcesBuildPhase;
			buildActionMask = 2147483647;
			files = (
				E6A557A31C22979700A81AD5 /* {{productName}}Tests.m in Sources */,
			);
			runOnlyForDeploymentPostprocessing = 0;
		};
		E6A557A51C22979700A81AD5 /* Sources */ = {
			isa = PBXSourcesBuildPhase;
			buildActionMask = 2147483647;
			files = (
				E6A557AE1C22979700A81AD5 /* {{productName}}UITests.m in Sources */,
			);
			runOnlyForDeploymentPostprocessing = 0;
		};
/* End PBXSourcesBuildPhase section */

/* Begin PBXTargetDependency section */
		E6A557A01C22979700A81AD5 /* PBXTargetDependency */ = {
			isa = PBXTargetDependency;
			target = E6A5578A1C22979700A81AD5 /* {{productName}} */;
			targetProxy = E6A5579F1C22979700A81AD5 /* PBXContainerItemProxy */;
		};
		E6A557AB1C22979700A81AD5 /* PBXTargetDependency */ = {
			isa = PBXTargetDependency;
			target = E6A5578A1C22979700A81AD5 /* {{productName}} */;
			targetProxy = E6A557AA1C22979700A81AD5 /* PBXContainerItemProxy */;
		};
/* End PBXTargetDependency section */

/* Begin PBXVariantGroup section */
		E6A557961C22979700A81AD5 /* LaunchScreen.storyboard */ = {
			isa = PBXVariantGroup;
			children = (
				E6A557971C22979700A81AD5 /* Base */,
			);
			name = LaunchScreen.storyboard;
			sourceTree = "<group>";
		};
/* End PBXVariantGroup section */

/* Begin XCBuildConfiguration section */
		E6A557B01C22979700A81AD5 /* Debug */ = {
			isa = XCBuildConfiguration;
			buildSettings = {
				ALWAYS_SEARCH_USER_PATHS = NO;
				CLANG_CXX_LANGUAGE_STANDARD = "gnu++0x";
				CLANG_CXX_LIBRARY = "libc++";
				CLANG_ENABLE_MODULES = YES;
				CLANG_ENABLE_OBJC_ARC = YES;
				CLANG_WARN_BOOL_CONVERSION = YES;
				CLANG_WARN_CONSTANT_CONVERSION = YES;
				CLANG_WARN_DIRECT_OBJC_ISA_USAGE = YES_ERROR;
				CLANG_WARN_EMPTY_BODY = YES;
				CLANG_WARN_ENUM_CONVERSION = YES;
				CLANG_WARN_INT_CONVERSION = YES;
				CLANG_WARN_OBJC_ROOT_CLASS = YES_ERROR;
				CLANG_WARN_UNREACHABLE_CODE = YES;
				CLANG_WARN__DUPLICATE_METHOD_MATCH = YES;
				"CODE_SIGN_IDENTITY[sdk=iphoneos*]" = "iPhone Developer";
				COPY_PHASE_STRIP = NO;
				DEBUG_INFORMATION_FORMAT = dwarf;
				ENABLE_STRICT_OBJC_MSGSEND = YES;
				ENABLE_TESTABILITY = YES;
				GCC_C_LANGUAGE_STANDARD = gnu99;
				GCC_DYNAMIC_NO_PIC = NO;
				GCC_NO_COMMON_BLOCKS = YES;
				GCC_OPTIMIZATION_LEVEL = 0;
				GCC_PREPROCESSOR_DEFINITIONS = (
					"DEBUG=1",
					"$(inherited)",
				);
				GCC_WARN_64_TO_32_BIT_CONVERSION = YES;
				GCC_WARN_ABOUT_RETURN_TYPE = YES_ERROR;
				GCC_WARN_UNDECLARED_SELECTOR = YES;
				GCC_WARN_UNINITIALIZED_AUTOS = YES_AGGRESSIVE;
				GCC_WARN_UNUSED_FUNCTION = YES;
				GCC_WARN_UNUSED_VARIABLE = YES;
				IPHONEOS_DEPLOYMENT_TARGET = 9.0;
				MTL_ENABLE_DEBUG_INFO = YES;
				ONLY_ACTIVE_ARCH = YES;
				SDKROOT = iphoneos;
			};
			name = Debug;
		};
		E6A557B11C22979700A81AD5 /* Release */ = {
			isa = XCBuildConfiguration;
			buildSettings = {
				ALWAYS_SEARCH_USER_PATHS = NO;
				CLANG_CXX_LANGUAGE_STANDARD = "gnu++0x";
				CLANG_CXX_LIBRARY = "libc++";
				CLANG_ENABLE_MODULES = YES;
				CLANG_ENABLE_OBJC_ARC = YES;
				CLANG_WARN_BOOL_CONVERSION = YES;
				CLANG_WARN_CONSTANT_CONVERSION = YES;
				CLANG_WARN_DIRECT_OBJC_ISA_USAGE = YES_ERROR;
				CLANG_WARN_EMPTY_BODY = YES;
				CLANG_WARN_ENUM_CONVERSION = YES;
				CLANG_WARN_INT_CONVERSION = YES;
				CLANG_WARN_OBJC_ROOT_CLASS = YES_ERROR;
				CLANG_WARN_UNREACHABLE_CODE = YES;
				CLANG_WARN__DUPLICATE_METHOD_MATCH = YES;
				"CODE_SIGN_IDENTITY[sdk=iphoneos*]" = "iPhone Developer";
				COPY_PHASE_STRIP = NO;
				DEBUG_INFORMATION_FORMAT = "dwarf-with-dsym";
				ENABLE_NS_ASSERTIONS = NO;
				ENABLE_STRICT_OBJC_MSGSEND = YES;
				GCC_C_LANGUAGE_STANDARD = gnu99;
				GCC_NO_COMMON_BLOCKS = YES;
				GCC_WARN_64_TO_32_BIT_CONVERSION = YES;
				GCC_WARN_ABOUT_RETURN_TYPE = YES_ERROR;
				GCC_WARN_UNDECLARED_SELECTOR = YES;
				GCC_WARN_UNINITIALIZED_AUTOS = YES_AGGRESSIVE;
				GCC_WARN_UNUSED_FUNCTION = YES;
				GCC_WARN_UNUSED_VARIABLE = YES;
				IPHONEOS_DEPLOYMENT_TARGET = 9.0;
				MTL_ENABLE_DEBUG_INFO = NO;
				SDKROOT = iphoneos;
				VALIDATE_PRODUCT = YES;
			};
			name = Release;
		};
		E6A557B31C22979700A81AD5 /* Debug */ = {
			isa = XCBuildConfiguration;
			buildSettings = {
				ASSETCATALOG_COMPILER_APPICON_NAME = AppIcon;
				INFOPLIST_FILE = {{productName}}/Info.plist;
				LD_RUNPATH_SEARCH_PATHS = "$(inherited) @executable_path/Frameworks";
				PRODUCT_BUNDLE_IDENTIFIER = Netease.{{productName}};
				PRODUCT_NAME = "$(TARGET_NAME)";
			};
			name = Debug;
		};
		E6A557B41C22979700A81AD5 /* Release */ = {
			isa = XCBuildConfiguration;
			buildSettings = {
				ASSETCATALOG_COMPILER_APPICON_NAME = AppIcon;
				INFOPLIST_FILE = {{productName}}/Info.plist;
				LD_RUNPATH_SEARCH_PATHS = "$(inherited) @executable_path/Frameworks";
				PRODUCT_BUNDLE_IDENTIFIER = Netease.{{productName}};
				PRODUCT_NAME = "$(TARGET_NAME)";
			};
			name = Release;
		};
		E6A557B61C22979700A81AD5 /* Debug */ = {
			isa = XCBuildConfiguration;
			buildSettings = {
				BUNDLE_LOADER = "$(TEST_HOST)";
				INFOPLIST_FILE = {{productName}}Tests/Info.plist;
				LD_RUNPATH_SEARCH_PATHS = "$(inherited) @executable_path/Frameworks @loader_path/Frameworks";
				PRODUCT_BUNDLE_IDENTIFIER = Netease.{{productName}}Tests;
				PRODUCT_NAME = "$(TARGET_NAME)";
				TEST_HOST = "$(BUILT_PRODUCTS_DIR)/{{productName}}.app/{{productName}}";
			};
			name = Debug;
		};
		E6A557B71C22979700A81AD5 /* Release */ = {
			isa = XCBuildConfiguration;
			buildSettings = {
				BUNDLE_LOADER = "$(TEST_HOST)";
				INFOPLIST_FILE = {{productName}}Tests/Info.plist;
				LD_RUNPATH_SEARCH_PATHS = "$(inherited) @executable_path/Frameworks @loader_path/Frameworks";
				PRODUCT_BUNDLE_IDENTIFIER = Netease.{{productName}}Tests;
				PRODUCT_NAME = "$(TARGET_NAME)";
				TEST_HOST = "$(BUILT_PRODUCTS_DIR)/{{productName}}.app/{{productName}}";
			};
			name = Release;
		};
		E6A557B91C22979700A81AD5 /* Debug */ = {
			isa = XCBuildConfiguration;
			buildSettings = {
				INFOPLIST_FILE = {{productName}}UITests/Info.plist;
				LD_RUNPATH_SEARCH_PATHS = "$(inherited) @executable_path/Frameworks @loader_path/Frameworks";
				PRODUCT_BUNDLE_IDENTIFIER = Netease.{{productName}}UITests;
				PRODUCT_NAME = "$(TARGET_NAME)";
				TEST_TARGET_NAME = {{productName}};
				USES_XCTRUNNER = YES;
			};
			name = Debug;
		};
		E6A557BA1C22979700A81AD5 /* Release */ = {
			isa = XCBuildConfiguration;
			buildSettings = {
				INFOPLIST_FILE = {{productName}}UITests/Info.plist;
				LD_RUNPATH_SEARCH_PATHS = "$(inherited) @executable_path/Frameworks @loader_path/Frameworks";
				PRODUCT_BUNDLE_IDENTIFIER = Netease.{{productName}}UITests;
				PRODUCT_NAME = "$(TARGET_NAME)";
				TEST_TARGET_NAME = {{productName}};
				USES_XCTRUNNER = YES;
			};
			name = Release;
		};
/* End XCBuildConfiguration section */

/* Begin XCConfigurationList section */
		E6A557861C22979700A81AD5 /* Build configuration list for PBXProject "{{productName}}" */ = {
			isa = XCConfigurationList;
			buildConfigurations = (
				E6A557B01C22979700A81AD5 /* Debug */,
				E6A557B11C22979700A81AD5 /* Release */,
			);
			defaultConfigurationIsVisible = 0;
			defaultConfigurationName = Release;
		};
		E6A557B21C22979700A81AD5 /* Build configuration list for PBXNativeTarget "{{productName}}" */ = {
			isa = XCConfigurationList;
			buildConfigurations = (
				E6A557B31C22979700A81AD5 /* Debug */,
				E6A557B41C22979700A81AD5 /* Release */,
			);
			defaultConfigurationIsVisible = 0;
		};
		E6A557B51C22979700A81AD5 /* Build configuration list for PBXNativeTarget "{{productName}}Tests" */ = {
			isa = XCConfigurationList;
			buildConfigurations = (
				E6A557B61C22979700A81AD5 /* Debug */,
				E6A557B71C22979700A81AD5 /* Release */,
			);
			defaultConfigurationIsVisible = 0;
		};
		E6A557B81C22979700A81AD5 /* Build configuration list for PBXNativeTarget "{{productName}}UITests" */ = {
			isa = XCConfigurationList;
			buildConfigurations = (
				E6A557B91C22979700A81AD5 /* Debug */,
				E6A557BA1C22979700A81AD5 /* Release */,
			);
			defaultConfigurationIsVisible = 0;
		};
/* End XCConfigurationList section */
	};
	rootObject = E6A557831C22979700A81AD5 /* Project object */;
}
